
Microsoft Visual Studio Solution File, Format Version 12.00
# Visual Studio Version 16
VisualStudioVersion = 16.0.29911.84
MinimumVisualStudioVersion = 10.0.40219.1
Project("{FAE04EC0-301F-11D3-BF4B-00C04F79EFBC}") = "Day-IPG-Sample", "Day-IPG-Sample.csproj", "{167111DC-9085-47E1-BEBD-9CCDDA7A118F}"
EndProject
Project("{E24C65DC-7377-472B-9ABA-BC803B73C61A}") = "dayIPGFront", "..\dayIPGFront\", "{3D4EEF62-95DF-43F0-8044-8DA5C8156513}"
	ProjectSection(WebsiteProperties) = preProject
		TargetFrameworkMoniker = ".NETFramework,Version%3Dv4.0"
		Debug.AspNetCompiler.VirtualPath = "/localhost_6064"
		Debug.AspNetCompiler.PhysicalPath = "..\dayIPGFront\"
		Debug.AspNetCompiler.TargetPath = "PrecompiledWeb\localhost_6064\"
		Debug.AspNetCompiler.Updateable = "true"
		Debug.AspNetCompiler.ForceOverwrite = "true"
		Debug.AspNetCompiler.FixedNames = "false"
		Debug.AspNetCompiler.Debug = "True"
		Release.AspNetCompiler.VirtualPath = "/localhost_6064"
		Release.AspNetCompiler.PhysicalPath = "..\dayIPGFront\"
		Release.AspNetCompiler.TargetPath = "PrecompiledWeb\localhost_6064\"
		Release.AspNetCompiler.Updateable = "true"
		Release.AspNetCompiler.ForceOverwrite = "true"
		Release.AspNetCompiler.FixedNames = "false"
		Release.AspNetCompiler.Debug = "False"
		VWDPort = "6064"
		SlnRelativePath = "..\dayIPGFront\"
	EndProjectSection
EndProject
Project("{FAE04EC0-301F-11D3-BF4B-00C04F79EFBC}") = "Day-IPG-Sample.Test", "..\Day-IPG-Sample.Test\Day-IPG-Sample.Test.csproj", "{D7E80E4B-37AF-4137-BFD2-0532C8896CF8}"
EndProject
Global
	GlobalSection(SolutionConfigurationPlatforms) = preSolution
		Debug|Any CPU = Debug|Any CPU
		Release|Any CPU = Release|Any CPU
	EndGlobalSection
	GlobalSection(ProjectConfigurationPlatforms) = postSolution
		{167111DC-9085-47E1-BEBD-9CCDDA7A118F}.Debug|Any CPU.ActiveCfg = Debug|Any CPU
		{167111DC-9085-47E1-BEBD-9CCDDA7A118F}.Debug|Any CPU.Build.0 = Debug|Any CPU
		{167111DC-9085-47E1-BEBD-9CCDDA7A118F}.Release|Any CPU.ActiveCfg = Release|Any CPU
		{167111DC-9085-47E1-BEBD-9CCDDA7A118F}.Release|Any CPU.Build.0 = Release|Any CPU
		{3D4EEF62-95DF-43F0-8044-8DA5C8156513}.Debug|Any CPU.ActiveCfg = Debug|Any CPU
		{3D4EEF62-95DF-43F0-8044-8DA5C8156513}.Debug|Any CPU.Build.0 = Debug|Any CPU
		{3D4EEF62-95DF-43F0-8044-8DA5C8156513}.Release|Any CPU.ActiveCfg = Debug|Any CPU
		{3D4EEF62-95DF-43F0-8044-8DA5C8156513}.Release|Any CPU.Build.0 = Debug|Any CPU
		{D7E80E4B-37AF-4137-BFD2-0532C8896CF8}.Debug|Any CPU.ActiveCfg = Debug|Any CPU
		{D7E80E4B-37AF-4137-BFD2-0532C8896CF8}.Debug|Any CPU.Build.0 = Debug|Any CPU
		{D7E80E4B-37AF-4137-BFD2-0532C8896CF8}.Release|Any CPU.ActiveCfg = Release|Any CPU
		{D7E80E4B-37AF-4137-BFD2-0532C8896CF8}.Release|Any CPU.Build.0 = Release|Any CPU
	EndGlobalSection
	GlobalSection(SolutionProperties) = preSolution
		HideSolutionNode = FALSE
	EndGlobalSection
	GlobalSection(ExtensibilityGlobals) = postSolution
		SolutionGuid = {111675FA-DA53-4C71-A187-527B04D67E4A}
	EndGlobalSection
EndGlobal
